{
  "name": "Design-Patterns",
  "version": "1.0.0",
  "lockfileVersion": 1,
  "requires": true,
  "dependencies": {
    "git-cz": {
      "version": "4.7.6",
      "resolved": "https://registry.npm.taobao.org/git-cz/download/git-cz-4.7.6.tgz",
      "integrity": "sha1-ElDEhvAXJOgBpjC4SP2HhvfmfpA=",
      "dev": true
    }
  }
}
